
Microsoft Visual Studio Solution File, Format Version 12.00
# Visual Studio Version 17
VisualStudioVersion = 17.10.35004.147
MinimumVisualStudioVersion = 10.0.40219.1
Project("{FAE04EC0-301F-11D3-BF4B-00C04F79EFBC}") = "vsm_api", "vsm_api\vsm_api.csproj", "{7F486F51-5C85-4569-816A-3268387F525E}"
EndProject
Global
	GlobalSection(SolutionConfigurationPlatforms) = preSolution
		Debug|Any CPU = Debug|Any CPU
		Release|Any CPU = Release|Any CPU
	EndGlobalSection
	GlobalSection(ProjectConfigurationPlatforms) = postSolution
		{7F486F51-5C85-4569-816A-3268387F525E}.Debug|Any CPU.ActiveCfg = Debug|Any CPU
		{7F486F51-5C85-4569-816A-3268387F525E}.Debug|Any CPU.Build.0 = Debug|Any CPU
		{7F486F51-5C85-4569-816A-3268387F525E}.Release|Any CPU.ActiveCfg = Release|Any CPU
		{7F486F51-5C85-4569-816A-3268387F525E}.Release|Any CPU.Build.0 = Release|Any CPU
	EndGlobalSection
	GlobalSection(SolutionProperties) = preSolution
		HideSolutionNode = FALSE
	EndGlobalSection
	GlobalSection(ExtensibilityGlobals) = postSolution
		SolutionGuid = {F35976C2-D3D8-4C88-B513-A4A891C41220}
	EndGlobalSection
EndGlobal
